
Microsoft Visual Studio Solution File, Format Version 12.00
# Visual Studio 14
VisualStudioVersion = 14.0.24720.0
MinimumVisualStudioVersion = 10.0.40219.1
Project("{FAE04EC0-301F-11D3-BF4B-00C04F79EFBC}") = "OneTimePassword", "OneTimePassword\OneTimePassword.csproj", "{BF560A01-66B4-4907-AAC3-D2587809920C}"
EndProject
Project("{2150E333-8FDC-42A3-9474-1A3956D46DE8}") = "Core", "Core", "{F6239C30-AC03-49F2-A6CF-035FA32E2F7D}"
EndProject
Project("{2150E333-8FDC-42A3-9474-1A3956D46DE8}") = "Test", "Test", "{3AE4015C-D29F-46B2-B121-24B8DC9FE396}"
EndProject
Project("{FAE04EC0-301F-11D3-BF4B-00C04F79EFBC}") = "OneTimePassword.Domain", "OneTimePassword.Domain\OneTimePassword.Domain.csproj", "{7688143D-84D2-4000-B417-126726085F79}"
EndProject
Project("{FAE04EC0-301F-11D3-BF4B-00C04F79EFBC}") = "OneTimePassword.Business", "OneTimePassword.Business\OneTimePassword.Business.csproj", "{86885BB4-3712-4220-9E9C-B01186AD475F}"
EndProject
Project("{FAE04EC0-301F-11D3-BF4B-00C04F79EFBC}") = "OneTimePassword.Business.Test", "OneTimePassword.Business.Test\OneTimePassword.Business.Test.csproj", "{816D89E4-A289-4E6F-9FD0-D918478020A8}"
EndProject
Project("{2150E333-8FDC-42A3-9474-1A3956D46DE8}") = "Concrete", "Concrete", "{49A0CF69-74D3-42FD-8986-B91A334F4424}"
EndProject
Project("{FAE04EC0-301F-11D3-BF4B-00C04F79EFBC}") = "OneTimePassword.Audit", "OneTimePassword.Audit\OneTimePassword.Audit.csproj", "{F02608B4-076F-4FA6-8C8F-77680AAA7272}"
EndProject
Project("{FAE04EC0-301F-11D3-BF4B-00C04F79EFBC}") = "OneTimePassword.Repository", "OneTimePassword.Repository\OneTimePassword.Repository.csproj", "{4D8C9F82-0CDD-4B75-AC05-416A5223E7E2}"
EndProject
Global
	GlobalSection(SolutionConfigurationPlatforms) = preSolution
		Debug|Any CPU = Debug|Any CPU
		Release|Any CPU = Release|Any CPU
	EndGlobalSection
	GlobalSection(ProjectConfigurationPlatforms) = postSolution
		{BF560A01-66B4-4907-AAC3-D2587809920C}.Debug|Any CPU.ActiveCfg = Debug|Any CPU
		{BF560A01-66B4-4907-AAC3-D2587809920C}.Debug|Any CPU.Build.0 = Debug|Any CPU
		{BF560A01-66B4-4907-AAC3-D2587809920C}.Release|Any CPU.ActiveCfg = Release|Any CPU
		{BF560A01-66B4-4907-AAC3-D2587809920C}.Release|Any CPU.Build.0 = Release|Any CPU
		{7688143D-84D2-4000-B417-126726085F79}.Debug|Any CPU.ActiveCfg = Debug|Any CPU
		{7688143D-84D2-4000-B417-126726085F79}.Debug|Any CPU.Build.0 = Debug|Any CPU
		{7688143D-84D2-4000-B417-126726085F79}.Release|Any CPU.ActiveCfg = Release|Any CPU
		{7688143D-84D2-4000-B417-126726085F79}.Release|Any CPU.Build.0 = Release|Any CPU
		{86885BB4-3712-4220-9E9C-B01186AD475F}.Debug|Any CPU.ActiveCfg = Debug|Any CPU
		{86885BB4-3712-4220-9E9C-B01186AD475F}.Debug|Any CPU.Build.0 = Debug|Any CPU
		{86885BB4-3712-4220-9E9C-B01186AD475F}.Release|Any CPU.ActiveCfg = Release|Any CPU
		{86885BB4-3712-4220-9E9C-B01186AD475F}.Release|Any CPU.Build.0 = Release|Any CPU
		{816D89E4-A289-4E6F-9FD0-D918478020A8}.Debug|Any CPU.ActiveCfg = Debug|Any CPU
		{816D89E4-A289-4E6F-9FD0-D918478020A8}.Debug|Any CPU.Build.0 = Debug|Any CPU
		{816D89E4-A289-4E6F-9FD0-D918478020A8}.Release|Any CPU.ActiveCfg = Release|Any CPU
		{816D89E4-A289-4E6F-9FD0-D918478020A8}.Release|Any CPU.Build.0 = Release|Any CPU
		{F02608B4-076F-4FA6-8C8F-77680AAA7272}.Debug|Any CPU.ActiveCfg = Debug|Any CPU
		{F02608B4-076F-4FA6-8C8F-77680AAA7272}.Debug|Any CPU.Build.0 = Debug|Any CPU
		{F02608B4-076F-4FA6-8C8F-77680AAA7272}.Release|Any CPU.ActiveCfg = Release|Any CPU
		{F02608B4-076F-4FA6-8C8F-77680AAA7272}.Release|Any CPU.Build.0 = Release|Any CPU
		{4D8C9F82-0CDD-4B75-AC05-416A5223E7E2}.Debug|Any CPU.ActiveCfg = Debug|Any CPU
		{4D8C9F82-0CDD-4B75-AC05-416A5223E7E2}.Debug|Any CPU.Build.0 = Debug|Any CPU
		{4D8C9F82-0CDD-4B75-AC05-416A5223E7E2}.Release|Any CPU.ActiveCfg = Release|Any CPU
		{4D8C9F82-0CDD-4B75-AC05-416A5223E7E2}.Release|Any CPU.Build.0 = Release|Any CPU
	EndGlobalSection
	GlobalSection(SolutionProperties) = preSolution
		HideSolutionNode = FALSE
	EndGlobalSection
	GlobalSection(NestedProjects) = preSolution
		{7688143D-84D2-4000-B417-126726085F79} = {F6239C30-AC03-49F2-A6CF-035FA32E2F7D}
		{86885BB4-3712-4220-9E9C-B01186AD475F} = {F6239C30-AC03-49F2-A6CF-035FA32E2F7D}
		{816D89E4-A289-4E6F-9FD0-D918478020A8} = {3AE4015C-D29F-46B2-B121-24B8DC9FE396}
		{F02608B4-076F-4FA6-8C8F-77680AAA7272} = {49A0CF69-74D3-42FD-8986-B91A334F4424}
		{4D8C9F82-0CDD-4B75-AC05-416A5223E7E2} = {49A0CF69-74D3-42FD-8986-B91A334F4424}
	EndGlobalSection
EndGlobal
